// !$*UTF8*$!
{
	archiveVersion = 1;
	classes = {
	};
	objectVersion = 56;
	objects = {

/* Begin PBXBuildFile section */
		F70241812D0B752800312B54 /* GFDataLoadingVC.swift in Sources */ = {isa = PBXBuildFile; fileRef = F70241802D0B752800312B54 /* GFDataLoadingVC.swift */; };
		F7090F112D04DFC5000193F3 /* UserInfoVC.swift in Sources */ = {isa = PBXBuildFile; fileRef = F7090F102D04DFC5000193F3 /* UserInfoVC.swift */; };
		F7136A0F2D0C5BF000D10359 /* UIView+Ext.swift in Sources */ = {isa = PBXBuildFile; fileRef = F7136A0E2D0C5BF000D10359 /* UIView+Ext.swift */; };
		F72A43F32D0306AF003FCCAE /* GFButton.swift in Sources */ = {isa = PBXBuildFile; fileRef = F72A43F22D0306AF003FCCAE /* GFButton.swift */; };
		F72A43F52D0308E7003FCCAE /* GFTextField.swift in Sources */ = {isa = PBXBuildFile; fileRef = F72A43F42D0308E7003FCCAE /* GFTextField.swift */; };
		F72A43F72D031559003FCCAE /* FollowersListVC.swift in Sources */ = {isa = PBXBuildFile; fileRef = F72A43F62D031559003FCCAE /* FollowersListVC.swift */; };
		F73DE6532D039989002D4E3C /* Follower.swift in Sources */ = {isa = PBXBuildFile; fileRef = F73DE6522D039989002D4E3C /* Follower.swift */; };
		F73DE6552D0399EC002D4E3C /* User.swift in Sources */ = {isa = PBXBuildFile; fileRef = F73DE6542D0399EC002D4E3C /* User.swift */; };
		F73DE6582D039C61002D4E3C /* NetworkManager.swift in Sources */ = {isa = PBXBuildFile; fileRef = F73DE6572D039C61002D4E3C /* NetworkManager.swift */; };
		F759AD822D0350280087C513 /* GFTitleLabel.swift in Sources */ = {isa = PBXBuildFile; fileRef = F759AD812D0350280087C513 /* GFTitleLabel.swift */; };
		F759AD842D0351520087C513 /* GFBodyLabel.swift in Sources */ = {isa = PBXBuildFile; fileRef = F759AD832D0351520087C513 /* GFBodyLabel.swift */; };
		F759AD862D0351DA0087C513 /* GFAlertVC.swift in Sources */ = {isa = PBXBuildFile; fileRef = F759AD852D0351DA0087C513 /* GFAlertVC.swift */; };
		F759AD882D03577B0087C513 /* UIViewController+Ext.swift in Sources */ = {isa = PBXBuildFile; fileRef = F759AD872D03577B0087C513 /* UIViewController+Ext.swift */; };
		F76EF81F2D023C90005C9F47 /* AppDelegate.swift in Sources */ = {isa = PBXBuildFile; fileRef = F76EF81E2D023C90005C9F47 /* AppDelegate.swift */; };
		F76EF8212D023C90005C9F47 /* SceneDelegate.swift in Sources */ = {isa = PBXBuildFile; fileRef = F76EF8202D023C90005C9F47 /* SceneDelegate.swift */; };
		F76EF8282D023C93005C9F47 /* Assets.xcassets in Resources */ = {isa = PBXBuildFile; fileRef = F76EF8272D023C93005C9F47 /* Assets.xcassets */; };
		F76EF82B2D023C93005C9F47 /* Base in Resources */ = {isa = PBXBuildFile; fileRef = F76EF82A2D023C93005C9F47 /* Base */; };
		F76EF8332D0243CC005C9F47 /* SearchVC.swift in Sources */ = {isa = PBXBuildFile; fileRef = F76EF8322D0243CC005C9F47 /* SearchVC.swift */; };
		F76EF8352D024401005C9F47 /* FavoritesVC.swift in Sources */ = {isa = PBXBuildFile; fileRef = F76EF8342D024401005C9F47 /* FavoritesVC.swift */; };
		F77DE72F2D0710DF00D57B8F /* GFUserInfoHeaderVC.swift in Sources */ = {isa = PBXBuildFile; fileRef = F77DE72E2D0710DF00D57B8F /* GFUserInfoHeaderVC.swift */; };
		F77DE7312D07113C00D57B8F /* GFSecondaryTitleLabel.swift in Sources */ = {isa = PBXBuildFile; fileRef = F77DE7302D07113C00D57B8F /* GFSecondaryTitleLabel.swift */; };
		F77DE7332D0717A700D57B8F /* Constants.swift in Sources */ = {isa = PBXBuildFile; fileRef = F77DE7322D0717A700D57B8F /* Constants.swift */; };
		F79A26E92D04943A00607EBC /* GFError.swift in Sources */ = {isa = PBXBuildFile; fileRef = F79A26E82D04943A00607EBC /* GFError.swift */; };
		F79A26EC2D04983A00607EBC /* FollowerCell.swift in Sources */ = {isa = PBXBuildFile; fileRef = F79A26EB2D04983A00607EBC /* FollowerCell.swift */; };
		F79A26EE2D0498BF00607EBC /* GFAvatarImageView.swift in Sources */ = {isa = PBXBuildFile; fileRef = F79A26ED2D0498BF00607EBC /* GFAvatarImageView.swift */; };
		F79A26F02D04BC4300607EBC /* UIHelper.swift in Sources */ = {isa = PBXBuildFile; fileRef = F79A26EF2D04BC4300607EBC /* UIHelper.swift */; };
		F79A26F82D04CE7000607EBC /* GFEmptyStateView.swift in Sources */ = {isa = PBXBuildFile; fileRef = F79A26F72D04CE7000607EBC /* GFEmptyStateView.swift */; };
		F7A6961A2D0B0789002921CF /* GFTabBarController.swift in Sources */ = {isa = PBXBuildFile; fileRef = F7A696192D0B0789002921CF /* GFTabBarController.swift */; };
		F7A6961C2D0B0DC0002921CF /* GFAlertContainerView.swift in Sources */ = {isa = PBXBuildFile; fileRef = F7A6961B2D0B0DC0002921CF /* GFAlertContainerView.swift */; };
		F7A9F1512D09A7C900EE10A7 /* PersistenceManager.swift in Sources */ = {isa = PBXBuildFile; fileRef = F7A9F1502D09A7C900EE10A7 /* PersistenceManager.swift */; };
		F7A9F1532D09B0E900EE10A7 /* FavoriteCell.swift in Sources */ = {isa = PBXBuildFile; fileRef = F7A9F1522D09B0E900EE10A7 /* FavoriteCell.swift */; };
		F7C361092D08DAA800520C47 /* Date+Ext.swift in Sources */ = {isa = PBXBuildFile; fileRef = F7C361082D08DAA800520C47 /* Date+Ext.swift */; };
		F7C660362D08663D00012A3D /* GFItemInfoView.swift in Sources */ = {isa = PBXBuildFile; fileRef = F7C660352D08663D00012A3D /* GFItemInfoView.swift */; };
		F7C660382D086DE700012A3D /* GFItemInfoVC.swift in Sources */ = {isa = PBXBuildFile; fileRef = F7C660372D086DE700012A3D /* GFItemInfoVC.swift */; };
		F7C6603A2D08710900012A3D /* GFRepoItemVC.swift in Sources */ = {isa = PBXBuildFile; fileRef = F7C660392D08710900012A3D /* GFRepoItemVC.swift */; };
		F7C6603C2D08722D00012A3D /* GFFollowerItemVC.swift in Sources */ = {isa = PBXBuildFile; fileRef = F7C6603B2D08722D00012A3D /* GFFollowerItemVC.swift */; };
		F7F8AD972D0CC7CC00D280ED /* UITableView+Ext.swift in Sources */ = {isa = PBXBuildFile; fileRef = F7F8AD962D0CC7CC00D280ED /* UITableView+Ext.swift */; };
/* End PBXBuildFile section */

/* Begin PBXFileReference section */
		F70241802D0B752800312B54 /* GFDataLoadingVC.swift */ = {isa = PBXFileReference; lastKnownFileType = sourcecode.swift; path = GFDataLoadingVC.swift; sourceTree = "<group>"; };
		F7090F102D04DFC5000193F3 /* UserInfoVC.swift */ = {isa = PBXFileReference; lastKnownFileType = sourcecode.swift; path = UserInfoVC.swift; sourceTree = "<group>"; };
		F7136A0E2D0C5BF000D10359 /* UIView+Ext.swift */ = {isa = PBXFileReference; lastKnownFileType = sourcecode.swift; path = "UIView+Ext.swift"; sourceTree = "<group>"; };
		F72A43F22D0306AF003FCCAE /* GFButton.swift */ = {isa = PBXFileReference; lastKnownFileType = sourcecode.swift; path = GFButton.swift; sourceTree = "<group>"; };
		F72A43F42D0308E7003FCCAE /* GFTextField.swift */ = {isa = PBXFileReference; lastKnownFileType = sourcecode.swift; path = GFTextField.swift; sourceTree = "<group>"; };
		F72A43F62D031559003FCCAE /* FollowersListVC.swift */ = {isa = PBXFileReference; lastKnownFileType = sourcecode.swift; path = FollowersListVC.swift; sourceTree = "<group>"; };
		F73DE6522D039989002D4E3C /* Follower.swift */ = {isa = PBXFileReference; lastKnownFileType = sourcecode.swift; path = Follower.swift; sourceTree = "<group>"; };
		F73DE6542D0399EC002D4E3C /* User.swift */ = {isa = PBXFileReference; lastKnownFileType = sourcecode.swift; path = User.swift; sourceTree = "<group>"; };
		F73DE6572D039C61002D4E3C /* NetworkManager.swift */ = {isa = PBXFileReference; lastKnownFileType = sourcecode.swift; path = NetworkManager.swift; sourceTree = "<group>"; };
		F759AD812D0350280087C513 /* GFTitleLabel.swift */ = {isa = PBXFileReference; lastKnownFileType = sourcecode.swift; path = GFTitleLabel.swift; sourceTree = "<group>"; };
		F759AD832D0351520087C513 /* GFBodyLabel.swift */ = {isa = PBXFileReference; lastKnownFileType = sourcecode.swift; path = GFBodyLabel.swift; sourceTree = "<group>"; };
		F759AD852D0351DA0087C513 /* GFAlertVC.swift */ = {isa = PBXFileReference; lastKnownFileType = sourcecode.swift; path = GFAlertVC.swift; sourceTree = "<group>"; };
		F759AD872D03577B0087C513 /* UIViewController+Ext.swift */ = {isa = PBXFileReference; lastKnownFileType = sourcecode.swift; path = "UIViewController+Ext.swift"; sourceTree = "<group>"; };
		F76EF81B2D023C90005C9F47 /* GHFollowers.app */ = {isa = PBXFileReference; explicitFileType = wrapper.application; includeInIndex = 0; path = GHFollowers.app; sourceTree = BUILT_PRODUCTS_DIR; };
		F76EF81E2D023C90005C9F47 /* AppDelegate.swift */ = {isa = PBXFileReference; lastKnownFileType = sourcecode.swift; path = AppDelegate.swift; sourceTree = "<group>"; };
		F76EF8202D023C90005C9F47 /* SceneDelegate.swift */ = {isa = PBXFileReference; lastKnownFileType = sourcecode.swift; path = SceneDelegate.swift; sourceTree = "<group>"; };
		F76EF8272D023C93005C9F47 /* Assets.xcassets */ = {isa = PBXFileReference; lastKnownFileType = folder.assetcatalog; path = Assets.xcassets; sourceTree = "<group>"; };
		F76EF82A2D023C93005C9F47 /* Base */ = {isa = PBXFileReference; lastKnownFileType = file.storyboard; name = Base; path = Base.lproj/LaunchScreen.storyboard; sourceTree = "<group>"; };
		F76EF82C2D023C93005C9F47 /* Info.plist */ = {isa = PBXFileReference; lastKnownFileType = text.plist.xml; path = Info.plist; sourceTree = "<group>"; };
		F76EF8322D0243CC005C9F47 /* SearchVC.swift */ = {isa = PBXFileReference; lastKnownFileType = sourcecode.swift; path = SearchVC.swift; sourceTree = "<group>"; };
		F76EF8342D024401005C9F47 /* FavoritesVC.swift */ = {isa = PBXFileReference; lastKnownFileType = sourcecode.swift; path = FavoritesVC.swift; sourceTree = "<group>"; };
		F77DE72E2D0710DF00D57B8F /* GFUserInfoHeaderVC.swift */ = {isa = PBXFileReference; lastKnownFileType = sourcecode.swift; path = GFUserInfoHeaderVC.swift; sourceTree = "<group>"; };
		F77DE7302D07113C00D57B8F /* GFSecondaryTitleLabel.swift */ = {isa = PBXFileReference; lastKnownFileType = sourcecode.swift; path = GFSecondaryTitleLabel.swift; sourceTree = "<group>"; };
		F77DE7322D0717A700D57B8F /* Constants.swift */ = {isa = PBXFileReference; lastKnownFileType = sourcecode.swift; path = Constants.swift; sourceTree = "<group>"; };
		F79A26E82D04943A00607EBC /* GFError.swift */ = {isa = PBXFileReference; lastKnownFileType = sourcecode.swift; path = GFError.swift; sourceTree = "<group>"; };
		F79A26EB2D04983A00607EBC /* FollowerCell.swift */ = {isa = PBXFileReference; lastKnownFileType = sourcecode.swift; path = FollowerCell.swift; sourceTree = "<group>"; };
		F79A26ED2D0498BF00607EBC /* GFAvatarImageView.swift */ = {isa = PBXFileReference; lastKnownFileType = sourcecode.swift; path = GFAvatarImageView.swift; sourceTree = "<group>"; };
		F79A26EF2D04BC4300607EBC /* UIHelper.swift */ = {isa = PBXFileReference; lastKnownFileType = sourcecode.swift; path = UIHelper.swift; sourceTree = "<group>"; };
		F79A26F72D04CE7000607EBC /* GFEmptyStateView.swift */ = {isa = PBXFileReference; lastKnownFileType = sourcecode.swift; path = GFEmptyStateView.swift; sourceTree = "<group>"; };
		F7A696192D0B0789002921CF /* GFTabBarController.swift */ = {isa = PBXFileReference; lastKnownFileType = sourcecode.swift; path = GFTabBarController.swift; sourceTree = "<group>"; };
		F7A6961B2D0B0DC0002921CF /* GFAlertContainerView.swift */ = {isa = PBXFileReference; lastKnownFileType = sourcecode.swift; path = GFAlertContainerView.swift; sourceTree = "<group>"; };
		F7A9F1502D09A7C900EE10A7 /* PersistenceManager.swift */ = {isa = PBXFileReference; lastKnownFileType = sourcecode.swift; path = PersistenceManager.swift; sourceTree = "<group>"; };
		F7A9F1522D09B0E900EE10A7 /* FavoriteCell.swift */ = {isa = PBXFileReference; lastKnownFileType = sourcecode.swift; path = FavoriteCell.swift; sourceTree = "<group>"; };
		F7C361082D08DAA800520C47 /* Date+Ext.swift */ = {isa = PBXFileReference; lastKnownFileType = sourcecode.swift; path = "Date+Ext.swift"; sourceTree = "<group>"; };
		F7C660352D08663D00012A3D /* GFItemInfoView.swift */ = {isa = PBXFileReference; lastKnownFileType = sourcecode.swift; path = GFItemInfoView.swift; sourceTree = "<group>"; };
		F7C660372D086DE700012A3D /* GFItemInfoVC.swift */ = {isa = PBXFileReference; lastKnownFileType = sourcecode.swift; path = GFItemInfoVC.swift; sourceTree = "<group>"; };
		F7C660392D08710900012A3D /* GFRepoItemVC.swift */ = {isa = PBXFileReference; lastKnownFileType = sourcecode.swift; path = GFRepoItemVC.swift; sourceTree = "<group>"; };
		F7C6603B2D08722D00012A3D /* GFFollowerItemVC.swift */ = {isa = PBXFileReference; lastKnownFileType = sourcecode.swift; path = GFFollowerItemVC.swift; sourceTree = "<group>"; };
		F7F8AD962D0CC7CC00D280ED /* UITableView+Ext.swift */ = {isa = PBXFileReference; lastKnownFileType = sourcecode.swift; path = "UITableView+Ext.swift"; sourceTree = "<group>"; };
/* End PBXFileReference section */

/* Begin PBXFrameworksBuildPhase section */
		F76EF8182D023C90005C9F47 /* Frameworks */ = {
			isa = PBXFrameworksBuildPhase;
			buildActionMask = 2147483647;
			files = (
			);
			runOnlyForDeploymentPostprocessing = 0;
		};
/* End PBXFrameworksBuildPhase section */

/* Begin PBXGroup section */
		F73DE64D2D0396A3002D4E3C /* Screens */ = {
			isa = PBXGroup;
			children = (
				F76EF8342D024401005C9F47 /* FavoritesVC.swift */,
				F72A43F62D031559003FCCAE /* FollowersListVC.swift */,
				F76EF8322D0243CC005C9F47 /* SearchVC.swift */,
				F7090F102D04DFC5000193F3 /* UserInfoVC.swift */,
			);
			path = Screens;
			sourceTree = "<group>";
		};
		F73DE64E2D0396E6002D4E3C /* Custom Views */ = {
			isa = PBXGroup;
			children = (
				F7A696182D0B075F002921CF /* TabBarControllers */,
				F79A26F22D04CDD000607EBC /* Buttons */,
				F79A26EA2D04981400607EBC /* Cells */,
				F79A26F42D04CDF100607EBC /* ImageViews */,
				F79A26F62D04CE1B00607EBC /* Labels */,
				F79A26F32D04CDE100607EBC /* TextFields */,
				F79A26F52D04CDF800607EBC /* ViewControllers */,
				F79A26F12D04CDC600607EBC /* Views */,
			);
			path = "Custom Views";
			sourceTree = "<group>";
		};
		F73DE64F2D039717002D4E3C /* Extensions */ = {
			isa = PBXGroup;
			children = (
				F759AD872D03577B0087C513 /* UIViewController+Ext.swift */,
				F7C361082D08DAA800520C47 /* Date+Ext.swift */,
				F7136A0E2D0C5BF000D10359 /* UIView+Ext.swift */,
				F7F8AD962D0CC7CC00D280ED /* UITableView+Ext.swift */,
			);
			path = Extensions;
			sourceTree = "<group>";
		};
		F73DE6502D03974C002D4E3C /* Support */ = {
			isa = PBXGroup;
			children = (
				F76EF81E2D023C90005C9F47 /* AppDelegate.swift */,
				F76EF8202D023C90005C9F47 /* SceneDelegate.swift */,
				F76EF8272D023C93005C9F47 /* Assets.xcassets */,
				F76EF8292D023C93005C9F47 /* LaunchScreen.storyboard */,
			);
			path = Support;
			sourceTree = "<group>";
		};
		F73DE6512D039979002D4E3C /* Model */ = {
			isa = PBXGroup;
			children = (
				F73DE6522D039989002D4E3C /* Follower.swift */,
				F73DE6542D0399EC002D4E3C /* User.swift */,
			);
			path = Model;
			sourceTree = "<group>";
		};
		F73DE6562D039C4A002D4E3C /* Managers */ = {
			isa = PBXGroup;
			children = (
				F73DE6572D039C61002D4E3C /* NetworkManager.swift */,
				F7A9F1502D09A7C900EE10A7 /* PersistenceManager.swift */,
			);
			path = Managers;
			sourceTree = "<group>";
		};
		F76EF8122D023C90005C9F47 = {
			isa = PBXGroup;
			children = (
				F76EF81D2D023C90005C9F47 /* GHFollowers */,
				F76EF81C2D023C90005C9F47 /* Products */,
			);
			sourceTree = "<group>";
		};
		F76EF81C2D023C90005C9F47 /* Products */ = {
			isa = PBXGroup;
			children = (
				F76EF81B2D023C90005C9F47 /* GHFollowers.app */,
			);
			name = Products;
			sourceTree = "<group>";
		};
		F76EF81D2D023C90005C9F47 /* GHFollowers */ = {
			isa = PBXGroup;
			children = (
				F79A26E72D04942400607EBC /* Utilities */,
				F73DE6562D039C4A002D4E3C /* Managers */,
				F73DE6512D039979002D4E3C /* Model */,
				F73DE64E2D0396E6002D4E3C /* Custom Views */,
				F73DE64F2D039717002D4E3C /* Extensions */,
				F73DE64D2D0396A3002D4E3C /* Screens */,
				F73DE6502D03974C002D4E3C /* Support */,
				F76EF82C2D023C93005C9F47 /* Info.plist */,
			);
			path = GHFollowers;
			sourceTree = "<group>";
		};
		F79A26E72D04942400607EBC /* Utilities */ = {
			isa = PBXGroup;
			children = (
				F79A26E82D04943A00607EBC /* GFError.swift */,
				F79A26EF2D04BC4300607EBC /* UIHelper.swift */,
				F77DE7322D0717A700D57B8F /* Constants.swift */,
			);
			path = Utilities;
			sourceTree = "<group>";
		};
		F79A26EA2D04981400607EBC /* Cells */ = {
			isa = PBXGroup;
			children = (
				F79A26EB2D04983A00607EBC /* FollowerCell.swift */,
				F7A9F1522D09B0E900EE10A7 /* FavoriteCell.swift */,
			);
			path = Cells;
			sourceTree = "<group>";
		};
		F79A26F12D04CDC600607EBC /* Views */ = {
			isa = PBXGroup;
			children = (
				F79A26F72D04CE7000607EBC /* GFEmptyStateView.swift */,
				F7C660352D08663D00012A3D /* GFItemInfoView.swift */,
				F7A6961B2D0B0DC0002921CF /* GFAlertContainerView.swift */,
			);
			path = Views;
			sourceTree = "<group>";
		};
		F79A26F22D04CDD000607EBC /* Buttons */ = {
			isa = PBXGroup;
			children = (
				F72A43F22D0306AF003FCCAE /* GFButton.swift */,
			);
			path = Buttons;
			sourceTree = "<group>";
		};
		F79A26F32D04CDE100607EBC /* TextFields */ = {
			isa = PBXGroup;
			children = (
				F72A43F42D0308E7003FCCAE /* GFTextField.swift */,
			);
			path = TextFields;
			sourceTree = "<group>";
		};
		F79A26F42D04CDF100607EBC /* ImageViews */ = {
			isa = PBXGroup;
			children = (
				F79A26ED2D0498BF00607EBC /* GFAvatarImageView.swift */,
			);
			path = ImageViews;
			sourceTree = "<group>";
		};
		F79A26F52D04CDF800607EBC /* ViewControllers */ = {
			isa = PBXGroup;
			children = (
				F7C6603D2D08727800012A3D /* ItemInfoVCs */,
				F759AD852D0351DA0087C513 /* GFAlertVC.swift */,
				F77DE72E2D0710DF00D57B8F /* GFUserInfoHeaderVC.swift */,
				F70241802D0B752800312B54 /* GFDataLoadingVC.swift */,
			);
			path = ViewControllers;
			sourceTree = "<group>";
		};
		F79A26F62D04CE1B00607EBC /* Labels */ = {
			isa = PBXGroup;
			children = (
				F759AD812D0350280087C513 /* GFTitleLabel.swift */,
				F759AD832D0351520087C513 /* GFBodyLabel.swift */,
				F77DE7302D07113C00D57B8F /* GFSecondaryTitleLabel.swift */,
			);
			path = Labels;
			sourceTree = "<group>";
		};
		F7A696182D0B075F002921CF /* TabBarControllers */ = {
			isa = PBXGroup;
			children = (
				F7A696192D0B0789002921CF /* GFTabBarController.swift */,
			);
			path = TabBarControllers;
			sourceTree = "<group>";
		};
		F7C6603D2D08727800012A3D /* ItemInfoVCs */ = {
			isa = PBXGroup;
			children = (
				F7C660372D086DE700012A3D /* GFItemInfoVC.swift */,
				F7C660392D08710900012A3D /* GFRepoItemVC.swift */,
				F7C6603B2D08722D00012A3D /* GFFollowerItemVC.swift */,
			);
			path = ItemInfoVCs;
			sourceTree = "<group>";
		};
/* End PBXGroup section */

/* Begin PBXNativeTarget section */
		F76EF81A2D023C90005C9F47 /* GHFollowers */ = {
			isa = PBXNativeTarget;
			buildConfigurationList = F76EF82F2D023C93005C9F47 /* Build configuration list for PBXNativeTarget "GHFollowers" */;
			buildPhases = (
				F76EF8172D023C90005C9F47 /* Sources */,
				F76EF8182D023C90005C9F47 /* Frameworks */,
				F76EF8192D023C90005C9F47 /* Resources */,
			);
			buildRules = (
			);
			dependencies = (
			);
			name = GHFollowers;
			productName = GHFollowers;
			productReference = F76EF81B2D023C90005C9F47 /* GHFollowers.app */;
			productType = "com.apple.product-type.application";
		};
/* End PBXNativeTarget section */

/* Begin PBXProject section */
		F76EF8132D023C90005C9F47 /* Project object */ = {
			isa = PBXProject;
			attributes = {
				BuildIndependentTargetsInParallel = 1;
				LastSwiftUpdateCheck = 1540;
				LastUpgradeCheck = 1540;
				TargetAttributes = {
					F76EF81A2D023C90005C9F47 = {
						CreatedOnToolsVersion = 15.4;
					};
				};
			};
			buildConfigurationList = F76EF8162D023C90005C9F47 /* Build configuration list for PBXProject "GHFollowers" */;
			compatibilityVersion = "Xcode 14.0";
			developmentRegion = en;
			hasScannedForEncodings = 0;
			knownRegions = (
				en,
				Base,
			);
			mainGroup = F76EF8122D023C90005C9F47;
			productRefGroup = F76EF81C2D023C90005C9F47 /* Products */;
			projectDirPath = "";
			projectRoot = "";
			targets = (
				F76EF81A2D023C90005C9F47 /* GHFollowers */,
			);
		};
/* End PBXProject section */

/* Begin PBXResourcesBuildPhase section */
		F76EF8192D023C90005C9F47 /* Resources */ = {
			isa = PBXResourcesBuildPhase;
			buildActionMask = 2147483647;
			files = (
				F76EF8282D023C93005C9F47 /* Assets.xcassets in Resources */,
				F76EF82B2D023C93005C9F47 /* Base in Resources */,
			);
			runOnlyForDeploymentPostprocessing = 0;
		};
/* End PBXResourcesBuildPhase section */

/* Begin PBXSourcesBuildPhase section */
		F76EF8172D023C90005C9F47 /* Sources */ = {
			isa = PBXSourcesBuildPhase;
			buildActionMask = 2147483647;
			files = (
				F7136A0F2D0C5BF000D10359 /* UIView+Ext.swift in Sources */,
				F73DE6552D0399EC002D4E3C /* User.swift in Sources */,
				F72A43F52D0308E7003FCCAE /* GFTextField.swift in Sources */,
				F72A43F72D031559003FCCAE /* FollowersListVC.swift in Sources */,
				F76EF8352D024401005C9F47 /* FavoritesVC.swift in Sources */,
				F759AD882D03577B0087C513 /* UIViewController+Ext.swift in Sources */,
				F79A26F02D04BC4300607EBC /* UIHelper.swift in Sources */,
				F7C660382D086DE700012A3D /* GFItemInfoVC.swift in Sources */,
				F77DE7332D0717A700D57B8F /* Constants.swift in Sources */,
				F79A26EE2D0498BF00607EBC /* GFAvatarImageView.swift in Sources */,
				F72A43F32D0306AF003FCCAE /* GFButton.swift in Sources */,
				F759AD862D0351DA0087C513 /* GFAlertVC.swift in Sources */,
				F7C6603C2D08722D00012A3D /* GFFollowerItemVC.swift in Sources */,
				F7C660362D08663D00012A3D /* GFItemInfoView.swift in Sources */,
				F7A9F1532D09B0E900EE10A7 /* FavoriteCell.swift in Sources */,
				F79A26EC2D04983A00607EBC /* FollowerCell.swift in Sources */,
				F7A6961A2D0B0789002921CF /* GFTabBarController.swift in Sources */,
				F79A26E92D04943A00607EBC /* GFError.swift in Sources */,
				F77DE72F2D0710DF00D57B8F /* GFUserInfoHeaderVC.swift in Sources */,
				F759AD842D0351520087C513 /* GFBodyLabel.swift in Sources */,
				F70241812D0B752800312B54 /* GFDataLoadingVC.swift in Sources */,
				F73DE6532D039989002D4E3C /* Follower.swift in Sources */,
				F7A6961C2D0B0DC0002921CF /* GFAlertContainerView.swift in Sources */,
				F759AD822D0350280087C513 /* GFTitleLabel.swift in Sources */,
				F7C361092D08DAA800520C47 /* Date+Ext.swift in Sources */,
				F7A9F1512D09A7C900EE10A7 /* PersistenceManager.swift in Sources */,
				F77DE7312D07113C00D57B8F /* GFSecondaryTitleLabel.swift in Sources */,
				F79A26F82D04CE7000607EBC /* GFEmptyStateView.swift in Sources */,
				F73DE6582D039C61002D4E3C /* NetworkManager.swift in Sources */,
				F76EF8332D0243CC005C9F47 /* SearchVC.swift in Sources */,
				F76EF81F2D023C90005C9F47 /* AppDelegate.swift in Sources */,
				F76EF8212D023C90005C9F47 /* SceneDelegate.swift in Sources */,
				F7F8AD972D0CC7CC00D280ED /* UITableView+Ext.swift in Sources */,
				F7C6603A2D08710900012A3D /* GFRepoItemVC.swift in Sources */,
				F7090F112D04DFC5000193F3 /* UserInfoVC.swift in Sources */,
			);
			runOnlyForDeploymentPostprocessing = 0;
		};
/* End PBXSourcesBuildPhase section */

/* Begin PBXVariantGroup section */
		F76EF8292D023C93005C9F47 /* LaunchScreen.storyboard */ = {
			isa = PBXVariantGroup;
			children = (
				F76EF82A2D023C93005C9F47 /* Base */,
			);
			name = LaunchScreen.storyboard;
			sourceTree = "<group>";
		};
/* End PBXVariantGroup section */

/* Begin XCBuildConfiguration section */
		F76EF82D2D023C93005C9F47 /* Debug */ = {
			isa = XCBuildConfiguration;
			buildSettings = {
				ALWAYS_SEARCH_USER_PATHS = NO;
				ASSETCATALOG_COMPILER_GENERATE_SWIFT_ASSET_SYMBOL_EXTENSIONS = YES;
				CLANG_ANALYZER_NONNULL = YES;
				CLANG_ANALYZER_NUMBER_OBJECT_CONVERSION = YES_AGGRESSIVE;
				CLANG_CXX_LANGUAGE_STANDARD = "gnu++20";
				CLANG_ENABLE_MODULES = YES;
				CLANG_ENABLE_OBJC_ARC = YES;
				CLANG_ENABLE_OBJC_WEAK = YES;
				CLANG_WARN_BLOCK_CAPTURE_AUTORELEASING = YES;
				CLANG_WARN_BOOL_CONVERSION = YES;
				CLANG_WARN_COMMA = YES;
				CLANG_WARN_CONSTANT_CONVERSION = YES;
				CLANG_WARN_DEPRECATED_OBJC_IMPLEMENTATIONS = YES;
				CLANG_WARN_DIRECT_OBJC_ISA_USAGE = YES_ERROR;
				CLANG_WARN_DOCUMENTATION_COMMENTS = YES;
				CLANG_WARN_EMPTY_BODY = YES;
				CLANG_WARN_ENUM_CONVERSION = YES;
				CLANG_WARN_INFINITE_RECURSION = YES;
				CLANG_WARN_INT_CONVERSION = YES;
				CLANG_WARN_NON_LITERAL_NULL_CONVERSION = YES;
				CLANG_WARN_OBJC_IMPLICIT_RETAIN_SELF = YES;
				CLANG_WARN_OBJC_LITERAL_CONVERSION = YES;
				CLANG_WARN_OBJC_ROOT_CLASS = YES_ERROR;
				CLANG_WARN_QUOTED_INCLUDE_IN_FRAMEWORK_HEADER = YES;
				CLANG_WARN_RANGE_LOOP_ANALYSIS = YES;
				CLANG_WARN_STRICT_PROTOTYPES = YES;
				CLANG_WARN_SUSPICIOUS_MOVE = YES;
				CLANG_WARN_UNGUARDED_AVAILABILITY = YES_AGGRESSIVE;
				CLANG_WARN_UNREACHABLE_CODE = YES;
				CLANG_WARN__DUPLICATE_METHOD_MATCH = YES;
				COPY_PHASE_STRIP = NO;
				DEBUG_INFORMATION_FORMAT = dwarf;
				ENABLE_STRICT_OBJC_MSGSEND = YES;
				ENABLE_TESTABILITY = YES;
				ENABLE_USER_SCRIPT_SANDBOXING = YES;
				GCC_C_LANGUAGE_STANDARD = gnu17;
				GCC_DYNAMIC_NO_PIC = NO;
				GCC_NO_COMMON_BLOCKS = YES;
				GCC_OPTIMIZATION_LEVEL = 0;
				GCC_PREPROCESSOR_DEFINITIONS = (
					"DEBUG=1",
					"$(inherited)",
				);
				GCC_WARN_64_TO_32_BIT_CONVERSION = YES;
				GCC_WARN_ABOUT_RETURN_TYPE = YES_ERROR;
				GCC_WARN_UNDECLARED_SELECTOR = YES;
				GCC_WARN_UNINITIALIZED_AUTOS = YES_AGGRESSIVE;
				GCC_WARN_UNUSED_FUNCTION = YES;
				GCC_WARN_UNUSED_VARIABLE = YES;
				IPHONEOS_DEPLOYMENT_TARGET = 17.5;
				LOCALIZATION_PREFERS_STRING_CATALOGS = YES;
				MTL_ENABLE_DEBUG_INFO = INCLUDE_SOURCE;
				MTL_FAST_MATH = YES;
				ONLY_ACTIVE_ARCH = YES;
				SDKROOT = iphoneos;
				SWIFT_ACTIVE_COMPILATION_CONDITIONS = "DEBUG $(inherited)";
				SWIFT_OPTIMIZATION_LEVEL = "-Onone";
			};
			name = Debug;
		};
		F76EF82E2D023C93005C9F47 /* Release */ = {
			isa = XCBuildConfiguration;
			buildSettings = {
				ALWAYS_SEARCH_USER_PATHS = NO;
				ASSETCATALOG_COMPILER_GENERATE_SWIFT_ASSET_SYMBOL_EXTENSIONS = YES;
				CLANG_ANALYZER_NONNULL = YES;
				CLANG_ANALYZER_NUMBER_OBJECT_CONVERSION = YES_AGGRESSIVE;
				CLANG_CXX_LANGUAGE_STANDARD = "gnu++20";
				CLANG_ENABLE_MODULES = YES;
				CLANG_ENABLE_OBJC_ARC = YES;
				CLANG_ENABLE_OBJC_WEAK = YES;
				CLANG_WARN_BLOCK_CAPTURE_AUTORELEASING = YES;
				CLANG_WARN_BOOL_CONVERSION = YES;
				CLANG_WARN_COMMA = YES;
				CLANG_WARN_CONSTANT_CONVERSION = YES;
				CLANG_WARN_DEPRECATED_OBJC_IMPLEMENTATIONS = YES;
				CLANG_WARN_DIRECT_OBJC_ISA_USAGE = YES_ERROR;
				CLANG_WARN_DOCUMENTATION_COMMENTS = YES;
				CLANG_WARN_EMPTY_BODY = YES;
				CLANG_WARN_ENUM_CONVERSION = YES;
				CLANG_WARN_INFINITE_RECURSION = YES;
				CLANG_WARN_INT_CONVERSION = YES;
				CLANG_WARN_NON_LITERAL_NULL_CONVERSION = YES;
				CLANG_WARN_OBJC_IMPLICIT_RETAIN_SELF = YES;
				CLANG_WARN_OBJC_LITERAL_CONVERSION = YES;
				CLANG_WARN_OBJC_ROOT_CLASS = YES_ERROR;
				CLANG_WARN_QUOTED_INCLUDE_IN_FRAMEWORK_HEADER = YES;
				CLANG_WARN_RANGE_LOOP_ANALYSIS = YES;
				CLANG_WARN_STRICT_PROTOTYPES = YES;
				CLANG_WARN_SUSPICIOUS_MOVE = YES;
				CLANG_WARN_UNGUARDED_AVAILABILITY = YES_AGGRESSIVE;
				CLANG_WARN_UNREACHABLE_CODE = YES;
				CLANG_WARN__DUPLICATE_METHOD_MATCH = YES;
				COPY_PHASE_STRIP = NO;
				DEBUG_INFORMATION_FORMAT = "dwarf-with-dsym";
				ENABLE_NS_ASSERTIONS = NO;
				ENABLE_STRICT_OBJC_MSGSEND = YES;
				ENABLE_USER_SCRIPT_SANDBOXING = YES;
				GCC_C_LANGUAGE_STANDARD = gnu17;
				GCC_NO_COMMON_BLOCKS = YES;
				GCC_WARN_64_TO_32_BIT_CONVERSION = YES;
				GCC_WARN_ABOUT_RETURN_TYPE = YES_ERROR;
				GCC_WARN_UNDECLARED_SELECTOR = YES;
				GCC_WARN_UNINITIALIZED_AUTOS = YES_AGGRESSIVE;
				GCC_WARN_UNUSED_FUNCTION = YES;
				GCC_WARN_UNUSED_VARIABLE = YES;
				IPHONEOS_DEPLOYMENT_TARGET = 17.5;
				LOCALIZATION_PREFERS_STRING_CATALOGS = YES;
				MTL_ENABLE_DEBUG_INFO = NO;
				MTL_FAST_MATH = YES;
				SDKROOT = iphoneos;
				SWIFT_COMPILATION_MODE = wholemodule;
				VALIDATE_PRODUCT = YES;
			};
			name = Release;
		};
		F76EF8302D023C93005C9F47 /* Debug */ = {
			isa = XCBuildConfiguration;
			buildSettings = {
				ASSETCATALOG_COMPILER_APPICON_NAME = AppIcon;
				ASSETCATALOG_COMPILER_GLOBAL_ACCENT_COLOR_NAME = AccentColor;
				CODE_SIGN_STYLE = Automatic;
				CURRENT_PROJECT_VERSION = 1;
				GENERATE_INFOPLIST_FILE = YES;
				INFOPLIST_FILE = GHFollowers/Info.plist;
				INFOPLIST_KEY_UIApplicationSupportsIndirectInputEvents = YES;
				INFOPLIST_KEY_UILaunchStoryboardName = LaunchScreen;
				INFOPLIST_KEY_UISupportedInterfaceOrientations = UIInterfaceOrientationPortrait;
				LD_RUNPATH_SEARCH_PATHS = (
					"$(inherited)",
					"@executable_path/Frameworks",
				);
				MARKETING_VERSION = 1.0;
				PRODUCT_BUNDLE_IDENTIFIER = com.areasflavio.GHFollowers;
				PRODUCT_NAME = "$(TARGET_NAME)";
				SWIFT_EMIT_LOC_STRINGS = YES;
				SWIFT_VERSION = 5.0;
				TARGETED_DEVICE_FAMILY = "1,2";
			};
			name = Debug;
		};
		F76EF8312D023C93005C9F47 /* Release */ = {
			isa = XCBuildConfiguration;
			buildSettings = {
				ASSETCATALOG_COMPILER_APPICON_NAME = AppIcon;
				ASSETCATALOG_COMPILER_GLOBAL_ACCENT_COLOR_NAME = AccentColor;
				CODE_SIGN_STYLE = Automatic;
				CURRENT_PROJECT_VERSION = 1;
				GENERATE_INFOPLIST_FILE = YES;
				INFOPLIST_FILE = GHFollowers/Info.plist;
				INFOPLIST_KEY_UIApplicationSupportsIndirectInputEvents = YES;
				INFOPLIST_KEY_UILaunchStoryboardName = LaunchScreen;
				INFOPLIST_KEY_UISupportedInterfaceOrientations = UIInterfaceOrientationPortrait;
				LD_RUNPATH_SEARCH_PATHS = (
					"$(inherited)",
					"@executable_path/Frameworks",
				);
				MARKETING_VERSION = 1.0;
				PRODUCT_BUNDLE_IDENTIFIER = com.areasflavio.GHFollowers;
				PRODUCT_NAME = "$(TARGET_NAME)";
				SWIFT_EMIT_LOC_STRINGS = YES;
				SWIFT_VERSION = 5.0;
				TARGETED_DEVICE_FAMILY = "1,2";
			};
			name = Release;
		};
/* End XCBuildConfiguration section */

/* Begin XCConfigurationList section */
		F76EF8162D023C90005C9F47 /* Build configuration list for PBXProject "GHFollowers" */ = {
			isa = XCConfigurationList;
			buildConfigurations = (
				F76EF82D2D023C93005C9F47 /* Debug */,
				F76EF82E2D023C93005C9F47 /* Release */,
			);
			defaultConfigurationIsVisible = 0;
			defaultConfigurationName = Release;
		};
		F76EF82F2D023C93005C9F47 /* Build configuration list for PBXNativeTarget "GHFollowers" */ = {
			isa = XCConfigurationList;
			buildConfigurations = (
				F76EF8302D023C93005C9F47 /* Debug */,
				F76EF8312D023C93005C9F47 /* Release */,
			);
			defaultConfigurationIsVisible = 0;
			defaultConfigurationName = Release;
		};
/* End XCConfigurationList section */
	};
	rootObject = F76EF8132D023C90005C9F47 /* Project object */;
}
